
Microsoft Visual Studio Solution File, Format Version 12.00
# Visual Studio Version 17
VisualStudioVersion = 17.4.33122.133
MinimumVisualStudioVersion = 10.0.40219.1
Project("{FAE04EC0-301F-11D3-BF4B-00C04F79EFBC}") = "kc-webapi", "kc-webapi\kc-webapi.csproj", "{39DCC016-AEC8-43FA-BA5C-699CFB68E0B5}"
EndProject
Global
	GlobalSection(SolutionConfigurationPlatforms) = preSolution
		Debug|Any CPU = Debug|Any CPU
		Release|Any CPU = Release|Any CPU
	EndGlobalSection
	GlobalSection(ProjectConfigurationPlatforms) = postSolution
		{39DCC016-AEC8-43FA-BA5C-699CFB68E0B5}.Debug|Any CPU.ActiveCfg = Debug|Any CPU
		{39DCC016-AEC8-43FA-BA5C-699CFB68E0B5}.Debug|Any CPU.Build.0 = Debug|Any CPU
		{39DCC016-AEC8-43FA-BA5C-699CFB68E0B5}.Release|Any CPU.ActiveCfg = Release|Any CPU
		{39DCC016-AEC8-43FA-BA5C-699CFB68E0B5}.Release|Any CPU.Build.0 = Release|Any CPU
	EndGlobalSection
	GlobalSection(SolutionProperties) = preSolution
		HideSolutionNode = FALSE
	EndGlobalSection
	GlobalSection(ExtensibilityGlobals) = postSolution
		SolutionGuid = {330F426E-4E14-4323-84C7-A42DE83DC06B}
	EndGlobalSection
EndGlobal
